
Microsoft Visual Studio Solution File, Format Version 12.00
# Visual Studio 15
VisualStudioVersion = 15.0.28010.2036
MinimumVisualStudioVersion = 10.0.40219.1
Project("{FAE04EC0-301F-11D3-BF4B-00C04F79EFBC}") = "CourseGradeRoster", "CourseGradeRoster\CourseGradeRoster.csproj", "{1C0DA815-41D3-4BB4-8976-7BF00987E070}"
EndProject
Global
	GlobalSection(SolutionConfigurationPlatforms) = preSolution
		Debug|Any CPU = Debug|Any CPU
		Release|Any CPU = Release|Any CPU
	EndGlobalSection
	GlobalSection(ProjectConfigurationPlatforms) = postSolution
		{1C0DA815-41D3-4BB4-8976-7BF00987E070}.Debug|Any CPU.ActiveCfg = Debug|Any CPU
		{1C0DA815-41D3-4BB4-8976-7BF00987E070}.Debug|Any CPU.Build.0 = Debug|Any CPU
		{1C0DA815-41D3-4BB4-8976-7BF00987E070}.Release|Any CPU.ActiveCfg = Release|Any CPU
		{1C0DA815-41D3-4BB4-8976-7BF00987E070}.Release|Any CPU.Build.0 = Release|Any CPU
	EndGlobalSection
	GlobalSection(SolutionProperties) = preSolution
		HideSolutionNode = FALSE
	EndGlobalSection
	GlobalSection(ExtensibilityGlobals) = postSolution
		SolutionGuid = {BFD2ADEE-4907-4990-B261-C9159CB16AC3}
	EndGlobalSection
EndGlobal
